
Microsoft Visual Studio Solution File, Format Version 12.00
# Visual Studio Version 16
VisualStudioVersion = 16.0.29721.120
MinimumVisualStudioVersion = 10.0.40219.1
Project("{FAE04EC0-301F-11D3-BF4B-00C04F79EFBC}") = "RxWebDemo", "RxWebDemo\RxWebDemo.csproj", "{3BDB7FD0-E392-48B9-8D34-24EC376FA9E4}"
EndProject
Global
	GlobalSection(SolutionConfigurationPlatforms) = preSolution
		Debug|Any CPU = Debug|Any CPU
		Release|Any CPU = Release|Any CPU
	EndGlobalSection
	GlobalSection(ProjectConfigurationPlatforms) = postSolution
		{3BDB7FD0-E392-48B9-8D34-24EC376FA9E4}.Debug|Any CPU.ActiveCfg = Debug|Any CPU
		{3BDB7FD0-E392-48B9-8D34-24EC376FA9E4}.Debug|Any CPU.Build.0 = Debug|Any CPU
		{3BDB7FD0-E392-48B9-8D34-24EC376FA9E4}.Release|Any CPU.ActiveCfg = Release|Any CPU
		{3BDB7FD0-E392-48B9-8D34-24EC376FA9E4}.Release|Any CPU.Build.0 = Release|Any CPU
	EndGlobalSection
	GlobalSection(SolutionProperties) = preSolution
		HideSolutionNode = FALSE
	EndGlobalSection
	GlobalSection(ExtensibilityGlobals) = postSolution
		SolutionGuid = {EC4D6E58-9C9B-4045-92D4-10F58C941650}
	EndGlobalSection
EndGlobal
